// !$*UTF8*$!
{
	archiveVersion = 1;
	classes = {
	};
	objectVersion = 50;
	objects = {

/* Begin PBXBuildFile section */
		FC4FFCC7219A950E00317E8F /* AppDelegate.swift in Sources */ = {isa = PBXBuildFile; fileRef = FC4FFCC6219A950E00317E8F /* AppDelegate.swift */; };
		FC4FFCC9219A950E00317E8F /* ViewController.swift in Sources */ = {isa = PBXBuildFile; fileRef = FC4FFCC8219A950E00317E8F /* ViewController.swift */; };
		FC4FFCCC219A950E00317E8F /* Main.storyboard in Resources */ = {isa = PBXBuildFile; fileRef = FC4FFCCA219A950E00317E8F /* Main.storyboard */; };
		FC4FFCCE219A951000317E8F /* Assets.xcassets in Resources */ = {isa = PBXBuildFile; fileRef = FC4FFCCD219A951000317E8F /* Assets.xcassets */; };
		FC4FFCD1219A951000317E8F /* LaunchScreen.storyboard in Resources */ = {isa = PBXBuildFile; fileRef = FC4FFCCF219A951000317E8F /* LaunchScreen.storyboard */; };
/* End PBXBuildFile section */

/* Begin PBXFileReference section */
		FC4FFCC3219A950E00317E8F /* Herafi-admin-Panel.app */ = {isa = PBXFileReference; explicitFileType = wrapper.application; includeInIndex = 0; path = "Herafi-admin-Panel.app"; sourceTree = BUILT_PRODUCTS_DIR; };
		FC4FFCC6219A950E00317E8F /* AppDelegate.swift */ = {isa = PBXFileReference; lastKnownFileType = sourcecode.swift; path = AppDelegate.swift; sourceTree = "<group>"; };
		FC4FFCC8219A950E00317E8F /* ViewController.swift */ = {isa = PBXFileReference; lastKnownFileType = sourcecode.swift; path = ViewController.swift; sourceTree = "<group>"; };
		FC4FFCCB219A950E00317E8F /* Base */ = {isa = PBXFileReference; lastKnownFileType = file.storyboard; name = Base; path = Base.lproj/Main.storyboard; sourceTree = "<group>"; };
		FC4FFCCD219A951000317E8F /* Assets.xcassets */ = {isa = PBXFileReference; lastKnownFileType = folder.assetcatalog; path = Assets.xcassets; sourceTree = "<group>"; };
		FC4FFCD0219A951000317E8F /* Base */ = {isa = PBXFileReference; lastKnownFileType = file.storyboard; name = Base; path = Base.lproj/LaunchScreen.storyboard; sourceTree = "<group>"; };
		FC4FFCD2219A951000317E8F /* Info.plist */ = {isa = PBXFileReference; lastKnownFileType = text.plist.xml; path = Info.plist; sourceTree = "<group>"; };
/* End PBXFileReference section */

/* Begin PBXFrameworksBuildPhase section */
		FC4FFCC0219A950E00317E8F /* Frameworks */ = {
			isa = PBXFrameworksBuildPhase;
			buildActionMask = 2147483647;
			files = (
			);
			runOnlyForDeploymentPostprocessing = 0;
		};
/* End PBXFrameworksBuildPhase section */

/* Begin PBXGroup section */
		FC4FFCBA219A950E00317E8F = {
			isa = PBXGroup;
			children = (
				FC4FFCC5219A950E00317E8F /* Herafi-admin-Panel */,
				FC4FFCC4219A950E00317E8F /* Products */,
			);
			sourceTree = "<group>";
		};
		FC4FFCC4219A950E00317E8F /* Products */ = {
			isa = PBXGroup;
			children = (
				FC4FFCC3219A950E00317E8F /* Herafi-admin-Panel.app */,
			);
			name = Products;
			sourceTree = "<group>";
		};
		FC4FFCC5219A950E00317E8F /* Herafi-admin-Panel */ = {
			isa = PBXGroup;
			children = (
				FC4FFCC6219A950E00317E8F /* AppDelegate.swift */,
				FC4FFCC8219A950E00317E8F /* ViewController.swift */,
				FC4FFCCA219A950E00317E8F /* Main.storyboard */,
				FC4FFCCD219A951000317E8F /* Assets.xcassets */,
				FC4FFCCF219A951000317E8F /* LaunchScreen.storyboard */,
				FC4FFCD2219A951000317E8F /* Info.plist */,
			);
			path = "Herafi-admin-Panel";
			sourceTree = "<group>";
		};
/* End PBXGroup section */

/* Begin PBXNativeTarget section */
		FC4FFCC2219A950E00317E8F /* Herafi-admin-Panel */ = {
			isa = PBXNativeTarget;
			buildConfigurationList = FC4FFCD5219A951000317E8F /* Build configuration list for PBXNativeTarget "Herafi-admin-Panel" */;
			buildPhases = (
				FC4FFCBF219A950E00317E8F /* Sources */,
				FC4FFCC0219A950E00317E8F /* Frameworks */,
				FC4FFCC1219A950E00317E8F /* Resources */,
			);
			buildRules = (
			);
			dependencies = (
			);
			name = "Herafi-admin-Panel";
			productName = "Herafi-admin-Panel";
			productReference = FC4FFCC3219A950E00317E8F /* Herafi-admin-Panel.app */;
			productType = "com.apple.product-type.application";
		};
/* End PBXNativeTarget section */

/* Begin PBXProject section */
		FC4FFCBB219A950E00317E8F /* Project object */ = {
			isa = PBXProject;
			attributes = {
				LastSwiftUpdateCheck = 1010;
				LastUpgradeCheck = 1010;
				ORGANIZATIONNAME = "Mohsen Qaysi";
				TargetAttributes = {
					FC4FFCC2219A950E00317E8F = {
						CreatedOnToolsVersion = 10.1;
					};
				};
			};
			buildConfigurationList = FC4FFCBE219A950E00317E8F /* Build configuration list for PBXProject "Herafi-admin-Panel" */;
			compatibilityVersion = "Xcode 9.3";
			developmentRegion = en;
			hasScannedForEncodings = 0;
			knownRegions = (
				en,
				Base,
			);
			mainGroup = FC4FFCBA219A950E00317E8F;
			productRefGroup = FC4FFCC4219A950E00317E8F /* Products */;
			projectDirPath = "";
			projectRoot = "";
			targets = (
				FC4FFCC2219A950E00317E8F /* Herafi-admin-Panel */,
			);
		};
/* End PBXProject section */

/* Begin PBXResourcesBuildPhase section */
		FC4FFCC1219A950E00317E8F /* Resources */ = {
			isa = PBXResourcesBuildPhase;
			buildActionMask = 2147483647;
			files = (
				FC4FFCD1219A951000317E8F /* LaunchScreen.storyboard in Resources */,
				FC4FFCCE219A951000317E8F /* Assets.xcassets in Resources */,
				FC4FFCCC219A950E00317E8F /* Main.storyboard in Resources */,
			);
			runOnlyForDeploymentPostprocessing = 0;
		};
/* End PBXResourcesBuildPhase section */

/* Begin PBXSourcesBuildPhase section */
		FC4FFCBF219A950E00317E8F /* Sources */ = {
			isa = PBXSourcesBuildPhase;
			buildActionMask = 2147483647;
			files = (
				FC4FFCC9219A950E00317E8F /* ViewController.swift in Sources */,
				FC4FFCC7219A950E00317E8F /* AppDelegate.swift in Sources */,
			);
			runOnlyForDeploymentPostprocessing = 0;
		};
/* End PBXSourcesBuildPhase section */

/* Begin PBXVariantGroup section */
		FC4FFCCA219A950E00317E8F /* Main.storyboard */ = {
			isa = PBXVariantGroup;
			children = (
				FC4FFCCB219A950E00317E8F /* Base */,
			);
			name = Main.storyboard;
			sourceTree = "<group>";
		};
		FC4FFCCF219A951000317E8F /* LaunchScreen.storyboard */ = {
			isa = PBXVariantGroup;
			children = (
				FC4FFCD0219A951000317E8F /* Base */,
			);
			name = LaunchScreen.storyboard;
			sourceTree = "<group>";
		};
/* End PBXVariantGroup section */

/* Begin XCBuildConfiguration section */
		FC4FFCD3219A951000317E8F /* Debug */ = {
			isa = XCBuildConfiguration;
			buildSettings = {
				ALWAYS_SEARCH_USER_PATHS = NO;
				CLANG_ANALYZER_NONNULL = YES;
				CLANG_ANALYZER_NUMBER_OBJECT_CONVERSION = YES_AGGRESSIVE;
				CLANG_CXX_LANGUAGE_STANDARD = "gnu++14";
				CLANG_CXX_LIBRARY = "libc++";
				CLANG_ENABLE_MODULES = YES;
				CLANG_ENABLE_OBJC_ARC = YES;
				CLANG_ENABLE_OBJC_WEAK = YES;
				CLANG_WARN_BLOCK_CAPTURE_AUTORELEASING = YES;
				CLANG_WARN_BOOL_CONVERSION = YES;
				CLANG_WARN_COMMA = YES;
				CLANG_WARN_CONSTANT_CONVERSION = YES;
				CLANG_WARN_DEPRECATED_OBJC_IMPLEMENTATIONS = YES;
				CLANG_WARN_DIRECT_OBJC_ISA_USAGE = YES_ERROR;
				CLANG_WARN_DOCUMENTATION_COMMENTS = YES;
				CLANG_WARN_EMPTY_BODY = YES;
				CLANG_WARN_ENUM_CONVERSION = YES;
				CLANG_WARN_INFINITE_RECURSION = YES;
				CLANG_WARN_INT_CONVERSION = YES;
				CLANG_WARN_NON_LITERAL_NULL_CONVERSION = YES;
				CLANG_WARN_OBJC_IMPLICIT_RETAIN_SELF = YES;
				CLANG_WARN_OBJC_LITERAL_CONVERSION = YES;
				CLANG_WARN_OBJC_ROOT_CLASS = YES_ERROR;
				CLANG_WARN_RANGE_LOOP_ANALYSIS = YES;
				CLANG_WARN_STRICT_PROTOTYPES = YES;
				CLANG_WARN_SUSPICIOUS_MOVE = YES;
				CLANG_WARN_UNGUARDED_AVAILABILITY = YES_AGGRESSIVE;
				CLANG_WARN_UNREACHABLE_CODE = YES;
				CLANG_WARN__DUPLICATE_METHOD_MATCH = YES;
				CODE_SIGN_IDENTITY = "iPhone Developer";
				COPY_PHASE_STRIP = NO;
				DEBUG_INFORMATION_FORMAT = dwarf;
				ENABLE_STRICT_OBJC_MSGSEND = YES;
				ENABLE_TESTABILITY = YES;
				GCC_C_LANGUAGE_STANDARD = gnu11;
				GCC_DYNAMIC_NO_PIC = NO;
				GCC_NO_COMMON_BLOCKS = YES;
				GCC_OPTIMIZATION_LEVEL = 0;
				GCC_PREPROCESSOR_DEFINITIONS = (
					"DEBUG=1",
					"$(inherited)",
				);
				GCC_WARN_64_TO_32_BIT_CONVERSION = YES;
				GCC_WARN_ABOUT_RETURN_TYPE = YES_ERROR;
				GCC_WARN_UNDECLARED_SELECTOR = YES;
				GCC_WARN_UNINITIALIZED_AUTOS = YES_AGGRESSIVE;
				GCC_WARN_UNUSED_FUNCTION = YES;
				GCC_WARN_UNUSED_VARIABLE = YES;
				IPHONEOS_DEPLOYMENT_TARGET = 12.1;
				MTL_ENABLE_DEBUG_INFO = INCLUDE_SOURCE;
				MTL_FAST_MATH = YES;
				ONLY_ACTIVE_ARCH = YES;
				SDKROOT = iphoneos;
				SWIFT_ACTIVE_COMPILATION_CONDITIONS = DEBUG;
				SWIFT_OPTIMIZATION_LEVEL = "-Onone";
			};
			name = Debug;
		};
		FC4FFCD4219A951000317E8F /* Release */ = {
			isa = XCBuildConfiguration;
			buildSettings = {
				ALWAYS_SEARCH_USER_PATHS = NO;
				CLANG_ANALYZER_NONNULL = YES;
				CLANG_ANALYZER_NUMBER_OBJECT_CONVERSION = YES_AGGRESSIVE;
				CLANG_CXX_LANGUAGE_STANDARD = "gnu++14";
				CLANG_CXX_LIBRARY = "libc++";
				CLANG_ENABLE_MODULES = YES;
				CLANG_ENABLE_OBJC_ARC = YES;
				CLANG_ENABLE_OBJC_WEAK = YES;
				CLANG_WARN_BLOCK_CAPTURE_AUTORELEASING = YES;
				CLANG_WARN_BOOL_CONVERSION = YES;
				CLANG_WARN_COMMA = YES;
				CLANG_WARN_CONSTANT_CONVERSION = YES;
				CLANG_WARN_DEPRECATED_OBJC_IMPLEMENTATIONS = YES;
				CLANG_WARN_DIRECT_OBJC_ISA_USAGE = YES_ERROR;
				CLANG_WARN_DOCUMENTATION_COMMENTS = YES;
				CLANG_WARN_EMPTY_BODY = YES;
				CLANG_WARN_ENUM_CONVERSION = YES;
				CLANG_WARN_INFINITE_RECURSION = YES;
				CLANG_WARN_INT_CONVERSION = YES;
				CLANG_WARN_NON_LITERAL_NULL_CONVERSION = YES;
				CLANG_WARN_OBJC_IMPLICIT_RETAIN_SELF = YES;
				CLANG_WARN_OBJC_LITERAL_CONVERSION = YES;
				CLANG_WARN_OBJC_ROOT_CLASS = YES_ERROR;
				CLANG_WARN_RANGE_LOOP_ANALYSIS = YES;
				CLANG_WARN_STRICT_PROTOTYPES = YES;
				CLANG_WARN_SUSPICIOUS_MOVE = YES;
				CLANG_WARN_UNGUARDED_AVAILABILITY = YES_AGGRESSIVE;
				CLANG_WARN_UNREACHABLE_CODE = YES;
				CLANG_WARN__DUPLICATE_METHOD_MATCH = YES;
				CODE_SIGN_IDENTITY = "iPhone Developer";
				COPY_PHASE_STRIP = NO;
				DEBUG_INFORMATION_FORMAT = "dwarf-with-dsym";
				ENABLE_NS_ASSERTIONS = NO;
				ENABLE_STRICT_OBJC_MSGSEND = YES;
				GCC_C_LANGUAGE_STANDARD = gnu11;
				GCC_NO_COMMON_BLOCKS = YES;
				GCC_WARN_64_TO_32_BIT_CONVERSION = YES;
				GCC_WARN_ABOUT_RETURN_TYPE = YES_ERROR;
				GCC_WARN_UNDECLARED_SELECTOR = YES;
				GCC_WARN_UNINITIALIZED_AUTOS = YES_AGGRESSIVE;
				GCC_WARN_UNUSED_FUNCTION = YES;
				GCC_WARN_UNUSED_VARIABLE = YES;
				IPHONEOS_DEPLOYMENT_TARGET = 12.1;
				MTL_ENABLE_DEBUG_INFO = NO;
				MTL_FAST_MATH = YES;
				SDKROOT = iphoneos;
				SWIFT_COMPILATION_MODE = wholemodule;
				SWIFT_OPTIMIZATION_LEVEL = "-O";
				VALIDATE_PRODUCT = YES;
			};
			name = Release;
		};
		FC4FFCD6219A951000317E8F /* Debug */ = {
			isa = XCBuildConfiguration;
			buildSettings = {
				ASSETCATALOG_COMPILER_APPICON_NAME = AppIcon;
				CODE_SIGN_STYLE = Automatic;
				DEVELOPMENT_TEAM = 8FGH63V8Q9;
				INFOPLIST_FILE = "Herafi-admin-Panel/Info.plist";
				LD_RUNPATH_SEARCH_PATHS = (
					"$(inherited)",
					"@executable_path/Frameworks",
				);
				PRODUCT_BUNDLE_IDENTIFIER = "sa.herafi.Herafi-admin-Panel";
				PRODUCT_NAME = "$(TARGET_NAME)";
				SWIFT_VERSION = 4.2;
				TARGETED_DEVICE_FAMILY = "1,2";
			};
			name = Debug;
		};
		FC4FFCD7219A951000317E8F /* Release */ = {
			isa = XCBuildConfiguration;
			buildSettings = {
				ASSETCATALOG_COMPILER_APPICON_NAME = AppIcon;
				CODE_SIGN_STYLE = Automatic;
				DEVELOPMENT_TEAM = 8FGH63V8Q9;
				INFOPLIST_FILE = "Herafi-admin-Panel/Info.plist";
				LD_RUNPATH_SEARCH_PATHS = (
					"$(inherited)",
					"@executable_path/Frameworks",
				);
				PRODUCT_BUNDLE_IDENTIFIER = "sa.herafi.Herafi-admin-Panel";
				PRODUCT_NAME = "$(TARGET_NAME)";
				SWIFT_VERSION = 4.2;
				TARGETED_DEVICE_FAMILY = "1,2";
			};
			name = Release;
		};
/* End XCBuildConfiguration section */

/* Begin XCConfigurationList section */
		FC4FFCBE219A950E00317E8F /* Build configuration list for PBXProject "Herafi-admin-Panel" */ = {
			isa = XCConfigurationList;
			buildConfigurations = (
				FC4FFCD3219A951000317E8F /* Debug */,
				FC4FFCD4219A951000317E8F /* Release */,
			);
			defaultConfigurationIsVisible = 0;
			defaultConfigurationName = Release;
		};
		FC4FFCD5219A951000317E8F /* Build configuration list for PBXNativeTarget "Herafi-admin-Panel" */ = {
			isa = XCConfigurationList;
			buildConfigurations = (
				FC4FFCD6219A951000317E8F /* Debug */,
				FC4FFCD7219A951000317E8F /* Release */,
			);
			defaultConfigurationIsVisible = 0;
			defaultConfigurationName = Release;
		};
/* End XCConfigurationList section */
	};
	rootObject = FC4FFCBB219A950E00317E8F /* Project object */;
}
